
Microsoft Visual Studio Solution File, Format Version 12.00
# Visual Studio Version 16
VisualStudioVersion = 16.0.31105.61
MinimumVisualStudioVersion = 10.0.40219.1
Project("{FAE04EC0-301F-11D3-BF4B-00C04F79EFBC}") = "Entidades", "Entidades\Entidades.csproj", "{A8851A18-10C7-4E57-A593-C008F6056310}"
EndProject
Project("{FAE04EC0-301F-11D3-BF4B-00C04F79EFBC}") = "GUI", "GUI\GUI.csproj", "{E04F39C9-A069-414A-8544-EE858EE94AFE}"
EndProject
Project("{FAE04EC0-301F-11D3-BF4B-00C04F79EFBC}") = "TestsUnitarios", "TestsUnitarios\TestsUnitarios.csproj", "{2E41CB93-9303-4BAB-BBCA-F9BC21EDD5A5}"
EndProject
Project("{FAE04EC0-301F-11D3-BF4B-00C04F79EFBC}") = "ConsoleTest", "ConsoleTest\ConsoleTest.csproj", "{C0CC1CBF-3B5B-47E1-B436-0AD781E113A1}"
EndProject
Global
	GlobalSection(SolutionConfigurationPlatforms) = preSolution
		Debug|Any CPU = Debug|Any CPU
		Release|Any CPU = Release|Any CPU
	EndGlobalSection
	GlobalSection(ProjectConfigurationPlatforms) = postSolution
		{A8851A18-10C7-4E57-A593-C008F6056310}.Debug|Any CPU.ActiveCfg = Debug|Any CPU
		{A8851A18-10C7-4E57-A593-C008F6056310}.Debug|Any CPU.Build.0 = Debug|Any CPU
		{A8851A18-10C7-4E57-A593-C008F6056310}.Release|Any CPU.ActiveCfg = Release|Any CPU
		{A8851A18-10C7-4E57-A593-C008F6056310}.Release|Any CPU.Build.0 = Release|Any CPU
		{E04F39C9-A069-414A-8544-EE858EE94AFE}.Debug|Any CPU.ActiveCfg = Debug|Any CPU
		{E04F39C9-A069-414A-8544-EE858EE94AFE}.Debug|Any CPU.Build.0 = Debug|Any CPU
		{E04F39C9-A069-414A-8544-EE858EE94AFE}.Release|Any CPU.ActiveCfg = Release|Any CPU
		{E04F39C9-A069-414A-8544-EE858EE94AFE}.Release|Any CPU.Build.0 = Release|Any CPU
		{2E41CB93-9303-4BAB-BBCA-F9BC21EDD5A5}.Debug|Any CPU.ActiveCfg = Debug|Any CPU
		{2E41CB93-9303-4BAB-BBCA-F9BC21EDD5A5}.Debug|Any CPU.Build.0 = Debug|Any CPU
		{2E41CB93-9303-4BAB-BBCA-F9BC21EDD5A5}.Release|Any CPU.ActiveCfg = Release|Any CPU
		{2E41CB93-9303-4BAB-BBCA-F9BC21EDD5A5}.Release|Any CPU.Build.0 = Release|Any CPU
		{C0CC1CBF-3B5B-47E1-B436-0AD781E113A1}.Debug|Any CPU.ActiveCfg = Debug|Any CPU
		{C0CC1CBF-3B5B-47E1-B436-0AD781E113A1}.Debug|Any CPU.Build.0 = Debug|Any CPU
		{C0CC1CBF-3B5B-47E1-B436-0AD781E113A1}.Release|Any CPU.ActiveCfg = Release|Any CPU
		{C0CC1CBF-3B5B-47E1-B436-0AD781E113A1}.Release|Any CPU.Build.0 = Release|Any CPU
	EndGlobalSection
	GlobalSection(SolutionProperties) = preSolution
		HideSolutionNode = FALSE
	EndGlobalSection
	GlobalSection(ExtensibilityGlobals) = postSolution
		SolutionGuid = {8441B938-D0D6-4148-A5F2-0044D1E472E6}
	EndGlobalSection
EndGlobal
