
Microsoft Visual Studio Solution File, Format Version 12.00
# Visual Studio Version 16
VisualStudioVersion = 16.0.31105.61
MinimumVisualStudioVersion = 10.0.40219.1
Project("{FAE04EC0-301F-11D3-BF4B-00C04F79EFBC}") = "Ejercicio6", "Ejercicio6\Ejercicio6.csproj", "{10B020B3-703A-4254-BE8F-FA961ED0A4F1}"
EndProject
Global
	GlobalSection(SolutionConfigurationPlatforms) = preSolution
		Debug|Any CPU = Debug|Any CPU
		Release|Any CPU = Release|Any CPU
	EndGlobalSection
	GlobalSection(ProjectConfigurationPlatforms) = postSolution
		{10B020B3-703A-4254-BE8F-FA961ED0A4F1}.Debug|Any CPU.ActiveCfg = Debug|Any CPU
		{10B020B3-703A-4254-BE8F-FA961ED0A4F1}.Debug|Any CPU.Build.0 = Debug|Any CPU
		{10B020B3-703A-4254-BE8F-FA961ED0A4F1}.Release|Any CPU.ActiveCfg = Release|Any CPU
		{10B020B3-703A-4254-BE8F-FA961ED0A4F1}.Release|Any CPU.Build.0 = Release|Any CPU
	EndGlobalSection
	GlobalSection(SolutionProperties) = preSolution
		HideSolutionNode = FALSE
	EndGlobalSection
	GlobalSection(ExtensibilityGlobals) = postSolution
		SolutionGuid = {C6F7D611-A43E-4145-99F2-80E87C3DB358}
	EndGlobalSection
EndGlobal
